
Microsoft Visual Studio Solution File, Format Version 12.00
# Visual Studio Version 17
VisualStudioVersion = 17.14.36212.18
MinimumVisualStudioVersion = 10.0.40219.1
Project("{FAE04EC0-301F-11D3-BF4B-00C04F79EFBC}") = "SoftCalc", "SoftCalc\SoftCalc.csproj", "{698013E9-1E1B-409E-8F88-32404169932F}"
EndProject
Global
	GlobalSection(SolutionConfigurationPlatforms) = preSolution
		Debug|Any CPU = Debug|Any CPU
		Release|Any CPU = Release|Any CPU
	EndGlobalSection
	GlobalSection(ProjectConfigurationPlatforms) = postSolution
		{698013E9-1E1B-409E-8F88-32404169932F}.Debug|Any CPU.ActiveCfg = Debug|Any CPU
		{698013E9-1E1B-409E-8F88-32404169932F}.Debug|Any CPU.Build.0 = Debug|Any CPU
		{698013E9-1E1B-409E-8F88-32404169932F}.Release|Any CPU.ActiveCfg = Release|Any CPU
		{698013E9-1E1B-409E-8F88-32404169932F}.Release|Any CPU.Build.0 = Release|Any CPU
	EndGlobalSection
	GlobalSection(SolutionProperties) = preSolution
		HideSolutionNode = FALSE
	EndGlobalSection
	GlobalSection(ExtensibilityGlobals) = postSolution
		SolutionGuid = {B4ADC1D3-F340-4304-9E72-D464EC305B46}
	EndGlobalSection
EndGlobal
